// !$*UTF8*$!
{
	archiveVersion = 1;
	classes = {
	};
	objectVersion = 50;
	objects = {

/* Begin PBXBuildFile section */
		10203631227AC71B00E78253 /* AppDelegate.swift in Sources */ = {isa = PBXBuildFile; fileRef = 10203630227AC71B00E78253 /* AppDelegate.swift */; };
		10203633227AC71B00E78253 /* ViewController.swift in Sources */ = {isa = PBXBuildFile; fileRef = 10203632227AC71B00E78253 /* ViewController.swift */; };
		10203636227AC71B00E78253 /* Main.storyboard in Resources */ = {isa = PBXBuildFile; fileRef = 10203634227AC71B00E78253 /* Main.storyboard */; };
		10203638227AC71C00E78253 /* Assets.xcassets in Resources */ = {isa = PBXBuildFile; fileRef = 10203637227AC71C00E78253 /* Assets.xcassets */; };
		1020363B227AC71C00E78253 /* LaunchScreen.storyboard in Resources */ = {isa = PBXBuildFile; fileRef = 10203639227AC71C00E78253 /* LaunchScreen.storyboard */; };
		10203646227AC71C00E78253 /* My_Semah_IosTests.swift in Sources */ = {isa = PBXBuildFile; fileRef = 10203645227AC71C00E78253 /* My_Semah_IosTests.swift */; };
		10203651227AC71C00E78253 /* My_Semah_IosUITests.swift in Sources */ = {isa = PBXBuildFile; fileRef = 10203650227AC71C00E78253 /* My_Semah_IosUITests.swift */; };
/* End PBXBuildFile section */

/* Begin PBXContainerItemProxy section */
		10203642227AC71C00E78253 /* PBXContainerItemProxy */ = {
			isa = PBXContainerItemProxy;
			containerPortal = 10203625227AC71B00E78253 /* Project object */;
			proxyType = 1;
			remoteGlobalIDString = 1020362C227AC71B00E78253;
			remoteInfo = "My Semah Ios";
		};
		1020364D227AC71C00E78253 /* PBXContainerItemProxy */ = {
			isa = PBXContainerItemProxy;
			containerPortal = 10203625227AC71B00E78253 /* Project object */;
			proxyType = 1;
			remoteGlobalIDString = 1020362C227AC71B00E78253;
			remoteInfo = "My Semah Ios";
		};
/* End PBXContainerItemProxy section */

/* Begin PBXFileReference section */
		1020362D227AC71B00E78253 /* My Semah Ios.app */ = {isa = PBXFileReference; explicitFileType = wrapper.application; includeInIndex = 0; path = "My Semah Ios.app"; sourceTree = BUILT_PRODUCTS_DIR; };
		10203630227AC71B00E78253 /* AppDelegate.swift */ = {isa = PBXFileReference; lastKnownFileType = sourcecode.swift; path = AppDelegate.swift; sourceTree = "<group>"; };
		10203632227AC71B00E78253 /* ViewController.swift */ = {isa = PBXFileReference; lastKnownFileType = sourcecode.swift; path = ViewController.swift; sourceTree = "<group>"; };
		10203635227AC71B00E78253 /* Base */ = {isa = PBXFileReference; lastKnownFileType = file.storyboard; name = Base; path = Base.lproj/Main.storyboard; sourceTree = "<group>"; };
		10203637227AC71C00E78253 /* Assets.xcassets */ = {isa = PBXFileReference; lastKnownFileType = folder.assetcatalog; path = Assets.xcassets; sourceTree = "<group>"; };
		1020363A227AC71C00E78253 /* Base */ = {isa = PBXFileReference; lastKnownFileType = file.storyboard; name = Base; path = Base.lproj/LaunchScreen.storyboard; sourceTree = "<group>"; };
		1020363C227AC71C00E78253 /* Info.plist */ = {isa = PBXFileReference; lastKnownFileType = text.plist.xml; path = Info.plist; sourceTree = "<group>"; };
		10203641227AC71C00E78253 /* My Semah IosTests.xctest */ = {isa = PBXFileReference; explicitFileType = wrapper.cfbundle; includeInIndex = 0; path = "My Semah IosTests.xctest"; sourceTree = BUILT_PRODUCTS_DIR; };
		10203645227AC71C00E78253 /* My_Semah_IosTests.swift */ = {isa = PBXFileReference; lastKnownFileType = sourcecode.swift; path = My_Semah_IosTests.swift; sourceTree = "<group>"; };
		10203647227AC71C00E78253 /* Info.plist */ = {isa = PBXFileReference; lastKnownFileType = text.plist.xml; path = Info.plist; sourceTree = "<group>"; };
		1020364C227AC71C00E78253 /* My Semah IosUITests.xctest */ = {isa = PBXFileReference; explicitFileType = wrapper.cfbundle; includeInIndex = 0; path = "My Semah IosUITests.xctest"; sourceTree = BUILT_PRODUCTS_DIR; };
		10203650227AC71C00E78253 /* My_Semah_IosUITests.swift */ = {isa = PBXFileReference; lastKnownFileType = sourcecode.swift; path = My_Semah_IosUITests.swift; sourceTree = "<group>"; };
		10203652227AC71C00E78253 /* Info.plist */ = {isa = PBXFileReference; lastKnownFileType = text.plist.xml; path = Info.plist; sourceTree = "<group>"; };
/* End PBXFileReference section */

/* Begin PBXFrameworksBuildPhase section */
		1020362A227AC71B00E78253 /* Frameworks */ = {
			isa = PBXFrameworksBuildPhase;
			buildActionMask = 2147483647;
			files = (
			);
			runOnlyForDeploymentPostprocessing = 0;
		};
		1020363E227AC71C00E78253 /* Frameworks */ = {
			isa = PBXFrameworksBuildPhase;
			buildActionMask = 2147483647;
			files = (
			);
			runOnlyForDeploymentPostprocessing = 0;
		};
		10203649227AC71C00E78253 /* Frameworks */ = {
			isa = PBXFrameworksBuildPhase;
			buildActionMask = 2147483647;
			files = (
			);
			runOnlyForDeploymentPostprocessing = 0;
		};
/* End PBXFrameworksBuildPhase section */

/* Begin PBXGroup section */
		10203624227AC71B00E78253 = {
			isa = PBXGroup;
			children = (
				1020362F227AC71B00E78253 /* My Semah Ios */,
				10203644227AC71C00E78253 /* My Semah IosTests */,
				1020364F227AC71C00E78253 /* My Semah IosUITests */,
				1020362E227AC71B00E78253 /* Products */,
			);
			sourceTree = "<group>";
		};
		1020362E227AC71B00E78253 /* Products */ = {
			isa = PBXGroup;
			children = (
				1020362D227AC71B00E78253 /* My Semah Ios.app */,
				10203641227AC71C00E78253 /* My Semah IosTests.xctest */,
				1020364C227AC71C00E78253 /* My Semah IosUITests.xctest */,
			);
			name = Products;
			sourceTree = "<group>";
		};
		1020362F227AC71B00E78253 /* My Semah Ios */ = {
			isa = PBXGroup;
			children = (
				10203630227AC71B00E78253 /* AppDelegate.swift */,
				10203632227AC71B00E78253 /* ViewController.swift */,
				10203634227AC71B00E78253 /* Main.storyboard */,
				10203637227AC71C00E78253 /* Assets.xcassets */,
				10203639227AC71C00E78253 /* LaunchScreen.storyboard */,
				1020363C227AC71C00E78253 /* Info.plist */,
			);
			path = "My Semah Ios";
			sourceTree = "<group>";
		};
		10203644227AC71C00E78253 /* My Semah IosTests */ = {
			isa = PBXGroup;
			children = (
				10203645227AC71C00E78253 /* My_Semah_IosTests.swift */,
				10203647227AC71C00E78253 /* Info.plist */,
			);
			path = "My Semah IosTests";
			sourceTree = "<group>";
		};
		1020364F227AC71C00E78253 /* My Semah IosUITests */ = {
			isa = PBXGroup;
			children = (
				10203650227AC71C00E78253 /* My_Semah_IosUITests.swift */,
				10203652227AC71C00E78253 /* Info.plist */,
			);
			path = "My Semah IosUITests";
			sourceTree = "<group>";
		};
/* End PBXGroup section */

/* Begin PBXNativeTarget section */
		1020362C227AC71B00E78253 /* My Semah Ios */ = {
			isa = PBXNativeTarget;
			buildConfigurationList = 10203655227AC71C00E78253 /* Build configuration list for PBXNativeTarget "My Semah Ios" */;
			buildPhases = (
				10203629227AC71B00E78253 /* Sources */,
				1020362A227AC71B00E78253 /* Frameworks */,
				1020362B227AC71B00E78253 /* Resources */,
			);
			buildRules = (
			);
			dependencies = (
			);
			name = "My Semah Ios";
			productName = "My Semah Ios";
			productReference = 1020362D227AC71B00E78253 /* My Semah Ios.app */;
			productType = "com.apple.product-type.application";
		};
		10203640227AC71C00E78253 /* My Semah IosTests */ = {
			isa = PBXNativeTarget;
			buildConfigurationList = 10203658227AC71C00E78253 /* Build configuration list for PBXNativeTarget "My Semah IosTests" */;
			buildPhases = (
				1020363D227AC71C00E78253 /* Sources */,
				1020363E227AC71C00E78253 /* Frameworks */,
				1020363F227AC71C00E78253 /* Resources */,
			);
			buildRules = (
			);
			dependencies = (
				10203643227AC71C00E78253 /* PBXTargetDependency */,
			);
			name = "My Semah IosTests";
			productName = "My Semah IosTests";
			productReference = 10203641227AC71C00E78253 /* My Semah IosTests.xctest */;
			productType = "com.apple.product-type.bundle.unit-test";
		};
		1020364B227AC71C00E78253 /* My Semah IosUITests */ = {
			isa = PBXNativeTarget;
			buildConfigurationList = 1020365B227AC71C00E78253 /* Build configuration list for PBXNativeTarget "My Semah IosUITests" */;
			buildPhases = (
				10203648227AC71C00E78253 /* Sources */,
				10203649227AC71C00E78253 /* Frameworks */,
				1020364A227AC71C00E78253 /* Resources */,
			);
			buildRules = (
			);
			dependencies = (
				1020364E227AC71C00E78253 /* PBXTargetDependency */,
			);
			name = "My Semah IosUITests";
			productName = "My Semah IosUITests";
			productReference = 1020364C227AC71C00E78253 /* My Semah IosUITests.xctest */;
			productType = "com.apple.product-type.bundle.ui-testing";
		};
/* End PBXNativeTarget section */

/* Begin PBXProject section */
		10203625227AC71B00E78253 /* Project object */ = {
			isa = PBXProject;
			attributes = {
				LastSwiftUpdateCheck = 1010;
				LastUpgradeCheck = 1010;
				ORGANIZATIONNAME = "Pengembang Sebelah";
				TargetAttributes = {
					1020362C227AC71B00E78253 = {
						CreatedOnToolsVersion = 10.1;
					};
					10203640227AC71C00E78253 = {
						CreatedOnToolsVersion = 10.1;
						TestTargetID = 1020362C227AC71B00E78253;
					};
					1020364B227AC71C00E78253 = {
						CreatedOnToolsVersion = 10.1;
						TestTargetID = 1020362C227AC71B00E78253;
					};
				};
			};
			buildConfigurationList = 10203628227AC71B00E78253 /* Build configuration list for PBXProject "My Semah Ios" */;
			compatibilityVersion = "Xcode 9.3";
			developmentRegion = en;
			hasScannedForEncodings = 0;
			knownRegions = (
				en,
				Base,
			);
			mainGroup = 10203624227AC71B00E78253;
			productRefGroup = 1020362E227AC71B00E78253 /* Products */;
			projectDirPath = "";
			projectRoot = "";
			targets = (
				1020362C227AC71B00E78253 /* My Semah Ios */,
				10203640227AC71C00E78253 /* My Semah IosTests */,
				1020364B227AC71C00E78253 /* My Semah IosUITests */,
			);
		};
/* End PBXProject section */

/* Begin PBXResourcesBuildPhase section */
		1020362B227AC71B00E78253 /* Resources */ = {
			isa = PBXResourcesBuildPhase;
			buildActionMask = 2147483647;
			files = (
				1020363B227AC71C00E78253 /* LaunchScreen.storyboard in Resources */,
				10203638227AC71C00E78253 /* Assets.xcassets in Resources */,
				10203636227AC71B00E78253 /* Main.storyboard in Resources */,
			);
			runOnlyForDeploymentPostprocessing = 0;
		};
		1020363F227AC71C00E78253 /* Resources */ = {
			isa = PBXResourcesBuildPhase;
			buildActionMask = 2147483647;
			files = (
			);
			runOnlyForDeploymentPostprocessing = 0;
		};
		1020364A227AC71C00E78253 /* Resources */ = {
			isa = PBXResourcesBuildPhase;
			buildActionMask = 2147483647;
			files = (
			);
			runOnlyForDeploymentPostprocessing = 0;
		};
/* End PBXResourcesBuildPhase section */

/* Begin PBXSourcesBuildPhase section */
		10203629227AC71B00E78253 /* Sources */ = {
			isa = PBXSourcesBuildPhase;
			buildActionMask = 2147483647;
			files = (
				10203633227AC71B00E78253 /* ViewController.swift in Sources */,
				10203631227AC71B00E78253 /* AppDelegate.swift in Sources */,
			);
			runOnlyForDeploymentPostprocessing = 0;
		};
		1020363D227AC71C00E78253 /* Sources */ = {
			isa = PBXSourcesBuildPhase;
			buildActionMask = 2147483647;
			files = (
				10203646227AC71C00E78253 /* My_Semah_IosTests.swift in Sources */,
			);
			runOnlyForDeploymentPostprocessing = 0;
		};
		10203648227AC71C00E78253 /* Sources */ = {
			isa = PBXSourcesBuildPhase;
			buildActionMask = 2147483647;
			files = (
				10203651227AC71C00E78253 /* My_Semah_IosUITests.swift in Sources */,
			);
			runOnlyForDeploymentPostprocessing = 0;
		};
/* End PBXSourcesBuildPhase section */

/* Begin PBXTargetDependency section */
		10203643227AC71C00E78253 /* PBXTargetDependency */ = {
			isa = PBXTargetDependency;
			target = 1020362C227AC71B00E78253 /* My Semah Ios */;
			targetProxy = 10203642227AC71C00E78253 /* PBXContainerItemProxy */;
		};
		1020364E227AC71C00E78253 /* PBXTargetDependency */ = {
			isa = PBXTargetDependency;
			target = 1020362C227AC71B00E78253 /* My Semah Ios */;
			targetProxy = 1020364D227AC71C00E78253 /* PBXContainerItemProxy */;
		};
/* End PBXTargetDependency section */

/* Begin PBXVariantGroup section */
		10203634227AC71B00E78253 /* Main.storyboard */ = {
			isa = PBXVariantGroup;
			children = (
				10203635227AC71B00E78253 /* Base */,
			);
			name = Main.storyboard;
			sourceTree = "<group>";
		};
		10203639227AC71C00E78253 /* LaunchScreen.storyboard */ = {
			isa = PBXVariantGroup;
			children = (
				1020363A227AC71C00E78253 /* Base */,
			);
			name = LaunchScreen.storyboard;
			sourceTree = "<group>";
		};
/* End PBXVariantGroup section */

/* Begin XCBuildConfiguration section */
		10203653227AC71C00E78253 /* Debug */ = {
			isa = XCBuildConfiguration;
			buildSettings = {
				ALWAYS_SEARCH_USER_PATHS = NO;
				CLANG_ANALYZER_NONNULL = YES;
				CLANG_ANALYZER_NUMBER_OBJECT_CONVERSION = YES_AGGRESSIVE;
				CLANG_CXX_LANGUAGE_STANDARD = "gnu++14";
				CLANG_CXX_LIBRARY = "libc++";
				CLANG_ENABLE_MODULES = YES;
				CLANG_ENABLE_OBJC_ARC = YES;
				CLANG_ENABLE_OBJC_WEAK = YES;
				CLANG_WARN_BLOCK_CAPTURE_AUTORELEASING = YES;
				CLANG_WARN_BOOL_CONVERSION = YES;
				CLANG_WARN_COMMA = YES;
				CLANG_WARN_CONSTANT_CONVERSION = YES;
				CLANG_WARN_DEPRECATED_OBJC_IMPLEMENTATIONS = YES;
				CLANG_WARN_DIRECT_OBJC_ISA_USAGE = YES_ERROR;
				CLANG_WARN_DOCUMENTATION_COMMENTS = YES;
				CLANG_WARN_EMPTY_BODY = YES;
				CLANG_WARN_ENUM_CONVERSION = YES;
				CLANG_WARN_INFINITE_RECURSION = YES;
				CLANG_WARN_INT_CONVERSION = YES;
				CLANG_WARN_NON_LITERAL_NULL_CONVERSION = YES;
				CLANG_WARN_OBJC_IMPLICIT_RETAIN_SELF = YES;
				CLANG_WARN_OBJC_LITERAL_CONVERSION = YES;
				CLANG_WARN_OBJC_ROOT_CLASS = YES_ERROR;
				CLANG_WARN_RANGE_LOOP_ANALYSIS = YES;
				CLANG_WARN_STRICT_PROTOTYPES = YES;
				CLANG_WARN_SUSPICIOUS_MOVE = YES;
				CLANG_WARN_UNGUARDED_AVAILABILITY = YES_AGGRESSIVE;
				CLANG_WARN_UNREACHABLE_CODE = YES;
				CLANG_WARN__DUPLICATE_METHOD_MATCH = YES;
				CODE_SIGN_IDENTITY = "iPhone Developer";
				COPY_PHASE_STRIP = NO;
				DEBUG_INFORMATION_FORMAT = dwarf;
				ENABLE_STRICT_OBJC_MSGSEND = YES;
				ENABLE_TESTABILITY = YES;
				GCC_C_LANGUAGE_STANDARD = gnu11;
				GCC_DYNAMIC_NO_PIC = NO;
				GCC_NO_COMMON_BLOCKS = YES;
				GCC_OPTIMIZATION_LEVEL = 0;
				GCC_PREPROCESSOR_DEFINITIONS = (
					"DEBUG=1",
					"$(inherited)",
				);
				GCC_WARN_64_TO_32_BIT_CONVERSION = YES;
				GCC_WARN_ABOUT_RETURN_TYPE = YES_ERROR;
				GCC_WARN_UNDECLARED_SELECTOR = YES;
				GCC_WARN_UNINITIALIZED_AUTOS = YES_AGGRESSIVE;
				GCC_WARN_UNUSED_FUNCTION = YES;
				GCC_WARN_UNUSED_VARIABLE = YES;
				IPHONEOS_DEPLOYMENT_TARGET = 12.1;
				MTL_ENABLE_DEBUG_INFO = INCLUDE_SOURCE;
				MTL_FAST_MATH = YES;
				ONLY_ACTIVE_ARCH = YES;
				SDKROOT = iphoneos;
				SWIFT_ACTIVE_COMPILATION_CONDITIONS = DEBUG;
				SWIFT_OPTIMIZATION_LEVEL = "-Onone";
			};
			name = Debug;
		};
		10203654227AC71C00E78253 /* Release */ = {
			isa = XCBuildConfiguration;
			buildSettings = {
				ALWAYS_SEARCH_USER_PATHS = NO;
				CLANG_ANALYZER_NONNULL = YES;
				CLANG_ANALYZER_NUMBER_OBJECT_CONVERSION = YES_AGGRESSIVE;
				CLANG_CXX_LANGUAGE_STANDARD = "gnu++14";
				CLANG_CXX_LIBRARY = "libc++";
				CLANG_ENABLE_MODULES = YES;
				CLANG_ENABLE_OBJC_ARC = YES;
				CLANG_ENABLE_OBJC_WEAK = YES;
				CLANG_WARN_BLOCK_CAPTURE_AUTORELEASING = YES;
				CLANG_WARN_BOOL_CONVERSION = YES;
				CLANG_WARN_COMMA = YES;
				CLANG_WARN_CONSTANT_CONVERSION = YES;
				CLANG_WARN_DEPRECATED_OBJC_IMPLEMENTATIONS = YES;
				CLANG_WARN_DIRECT_OBJC_ISA_USAGE = YES_ERROR;
				CLANG_WARN_DOCUMENTATION_COMMENTS = YES;
				CLANG_WARN_EMPTY_BODY = YES;
				CLANG_WARN_ENUM_CONVERSION = YES;
				CLANG_WARN_INFINITE_RECURSION = YES;
				CLANG_WARN_INT_CONVERSION = YES;
				CLANG_WARN_NON_LITERAL_NULL_CONVERSION = YES;
				CLANG_WARN_OBJC_IMPLICIT_RETAIN_SELF = YES;
				CLANG_WARN_OBJC_LITERAL_CONVERSION = YES;
				CLANG_WARN_OBJC_ROOT_CLASS = YES_ERROR;
				CLANG_WARN_RANGE_LOOP_ANALYSIS = YES;
				CLANG_WARN_STRICT_PROTOTYPES = YES;
				CLANG_WARN_SUSPICIOUS_MOVE = YES;
				CLANG_WARN_UNGUARDED_AVAILABILITY = YES_AGGRESSIVE;
				CLANG_WARN_UNREACHABLE_CODE = YES;
				CLANG_WARN__DUPLICATE_METHOD_MATCH = YES;
				CODE_SIGN_IDENTITY = "iPhone Developer";
				COPY_PHASE_STRIP = NO;
				DEBUG_INFORMATION_FORMAT = "dwarf-with-dsym";
				ENABLE_NS_ASSERTIONS = NO;
				ENABLE_STRICT_OBJC_MSGSEND = YES;
				GCC_C_LANGUAGE_STANDARD = gnu11;
				GCC_NO_COMMON_BLOCKS = YES;
				GCC_WARN_64_TO_32_BIT_CONVERSION = YES;
				GCC_WARN_ABOUT_RETURN_TYPE = YES_ERROR;
				GCC_WARN_UNDECLARED_SELECTOR = YES;
				GCC_WARN_UNINITIALIZED_AUTOS = YES_AGGRESSIVE;
				GCC_WARN_UNUSED_FUNCTION = YES;
				GCC_WARN_UNUSED_VARIABLE = YES;
				IPHONEOS_DEPLOYMENT_TARGET = 12.1;
				MTL_ENABLE_DEBUG_INFO = NO;
				MTL_FAST_MATH = YES;
				SDKROOT = iphoneos;
				SWIFT_COMPILATION_MODE = wholemodule;
				SWIFT_OPTIMIZATION_LEVEL = "-O";
				VALIDATE_PRODUCT = YES;
			};
			name = Release;
		};
		10203656227AC71C00E78253 /* Debug */ = {
			isa = XCBuildConfiguration;
			buildSettings = {
				ASSETCATALOG_COMPILER_APPICON_NAME = AppIcon;
				CODE_SIGN_STYLE = Automatic;
				DEVELOPMENT_TEAM = Y89PCU7656;
				INFOPLIST_FILE = "My Semah Ios/Info.plist";
				LD_RUNPATH_SEARCH_PATHS = (
					"$(inherited)",
					"@executable_path/Frameworks",
				);
				PRODUCT_BUNDLE_IDENTIFIER = "com.pengembangsebelah.My-Semah-Ios";
				PRODUCT_NAME = "$(TARGET_NAME)";
				SWIFT_VERSION = 4.2;
				TARGETED_DEVICE_FAMILY = "1,2";
			};
			name = Debug;
		};
		10203657227AC71C00E78253 /* Release */ = {
			isa = XCBuildConfiguration;
			buildSettings = {
				ASSETCATALOG_COMPILER_APPICON_NAME = AppIcon;
				CODE_SIGN_STYLE = Automatic;
				DEVELOPMENT_TEAM = Y89PCU7656;
				INFOPLIST_FILE = "My Semah Ios/Info.plist";
				LD_RUNPATH_SEARCH_PATHS = (
					"$(inherited)",
					"@executable_path/Frameworks",
				);
				PRODUCT_BUNDLE_IDENTIFIER = "com.pengembangsebelah.My-Semah-Ios";
				PRODUCT_NAME = "$(TARGET_NAME)";
				SWIFT_VERSION = 4.2;
				TARGETED_DEVICE_FAMILY = "1,2";
			};
			name = Release;
		};
		10203659227AC71C00E78253 /* Debug */ = {
			isa = XCBuildConfiguration;
			buildSettings = {
				ALWAYS_EMBED_SWIFT_STANDARD_LIBRARIES = YES;
				BUNDLE_LOADER = "$(TEST_HOST)";
				CODE_SIGN_STYLE = Automatic;
				DEVELOPMENT_TEAM = Y89PCU7656;
				INFOPLIST_FILE = "My Semah IosTests/Info.plist";
				LD_RUNPATH_SEARCH_PATHS = (
					"$(inherited)",
					"@executable_path/Frameworks",
					"@loader_path/Frameworks",
				);
				PRODUCT_BUNDLE_IDENTIFIER = "com.pengembangsebelah.My-Semah-IosTests";
				PRODUCT_NAME = "$(TARGET_NAME)";
				SWIFT_VERSION = 4.2;
				TARGETED_DEVICE_FAMILY = "1,2";
				TEST_HOST = "$(BUILT_PRODUCTS_DIR)/My Semah Ios.app/My Semah Ios";
			};
			name = Debug;
		};
		1020365A227AC71C00E78253 /* Release */ = {
			isa = XCBuildConfiguration;
			buildSettings = {
				ALWAYS_EMBED_SWIFT_STANDARD_LIBRARIES = YES;
				BUNDLE_LOADER = "$(TEST_HOST)";
				CODE_SIGN_STYLE = Automatic;
				DEVELOPMENT_TEAM = Y89PCU7656;
				INFOPLIST_FILE = "My Semah IosTests/Info.plist";
				LD_RUNPATH_SEARCH_PATHS = (
					"$(inherited)",
					"@executable_path/Frameworks",
					"@loader_path/Frameworks",
				);
				PRODUCT_BUNDLE_IDENTIFIER = "com.pengembangsebelah.My-Semah-IosTests";
				PRODUCT_NAME = "$(TARGET_NAME)";
				SWIFT_VERSION = 4.2;
				TARGETED_DEVICE_FAMILY = "1,2";
				TEST_HOST = "$(BUILT_PRODUCTS_DIR)/My Semah Ios.app/My Semah Ios";
			};
			name = Release;
		};
		1020365C227AC71C00E78253 /* Debug */ = {
			isa = XCBuildConfiguration;
			buildSettings = {
				ALWAYS_EMBED_SWIFT_STANDARD_LIBRARIES = YES;
				CODE_SIGN_STYLE = Automatic;
				DEVELOPMENT_TEAM = Y89PCU7656;
				INFOPLIST_FILE = "My Semah IosUITests/Info.plist";
				LD_RUNPATH_SEARCH_PATHS = (
					"$(inherited)",
					"@executable_path/Frameworks",
					"@loader_path/Frameworks",
				);
				PRODUCT_BUNDLE_IDENTIFIER = "com.pengembangsebelah.My-Semah-IosUITests";
				PRODUCT_NAME = "$(TARGET_NAME)";
				SWIFT_VERSION = 4.2;
				TARGETED_DEVICE_FAMILY = "1,2";
				TEST_TARGET_NAME = "My Semah Ios";
			};
			name = Debug;
		};
		1020365D227AC71C00E78253 /* Release */ = {
			isa = XCBuildConfiguration;
			buildSettings = {
				ALWAYS_EMBED_SWIFT_STANDARD_LIBRARIES = YES;
				CODE_SIGN_STYLE = Automatic;
				DEVELOPMENT_TEAM = Y89PCU7656;
				INFOPLIST_FILE = "My Semah IosUITests/Info.plist";
				LD_RUNPATH_SEARCH_PATHS = (
					"$(inherited)",
					"@executable_path/Frameworks",
					"@loader_path/Frameworks",
				);
				PRODUCT_BUNDLE_IDENTIFIER = "com.pengembangsebelah.My-Semah-IosUITests";
				PRODUCT_NAME = "$(TARGET_NAME)";
				SWIFT_VERSION = 4.2;
				TARGETED_DEVICE_FAMILY = "1,2";
				TEST_TARGET_NAME = "My Semah Ios";
			};
			name = Release;
		};
/* End XCBuildConfiguration section */

/* Begin XCConfigurationList section */
		10203628227AC71B00E78253 /* Build configuration list for PBXProject "My Semah Ios" */ = {
			isa = XCConfigurationList;
			buildConfigurations = (
				10203653227AC71C00E78253 /* Debug */,
				10203654227AC71C00E78253 /* Release */,
			);
			defaultConfigurationIsVisible = 0;
			defaultConfigurationName = Release;
		};
		10203655227AC71C00E78253 /* Build configuration list for PBXNativeTarget "My Semah Ios" */ = {
			isa = XCConfigurationList;
			buildConfigurations = (
				10203656227AC71C00E78253 /* Debug */,
				10203657227AC71C00E78253 /* Release */,
			);
			defaultConfigurationIsVisible = 0;
			defaultConfigurationName = Release;
		};
		10203658227AC71C00E78253 /* Build configuration list for PBXNativeTarget "My Semah IosTests" */ = {
			isa = XCConfigurationList;
			buildConfigurations = (
				10203659227AC71C00E78253 /* Debug */,
				1020365A227AC71C00E78253 /* Release */,
			);
			defaultConfigurationIsVisible = 0;
			defaultConfigurationName = Release;
		};
		1020365B227AC71C00E78253 /* Build configuration list for PBXNativeTarget "My Semah IosUITests" */ = {
			isa = XCConfigurationList;
			buildConfigurations = (
				1020365C227AC71C00E78253 /* Debug */,
				1020365D227AC71C00E78253 /* Release */,
			);
			defaultConfigurationIsVisible = 0;
			defaultConfigurationName = Release;
		};
/* End XCConfigurationList section */
	};
	rootObject = 10203625227AC71B00E78253 /* Project object */;
}
